# This file is autogenerated, do not edit; changes may be undone by the next 'dep ensure'.


[[projects]]
  digest = "1:a2c8a37c5d8aed57ec2b05c0b3de9d0ee4c94910ebcd7b94a6ac418609578cfe"
  name = "github.com/machinebox/sdk-go"
  packages = [
    "boxutil",
    "facebox",
  ]
  pruneopts = "UT"
  revision = "19f91142719a73cb057010920fba2de96dab5157"
  version = "v0.3.0"

[[projects]]
  digest = "1:cf31692c14422fa27c83a05292eb5cbe0fb2775972e8f1f8446a71549bd8980b"
  name = "github.com/pkg/errors"
  packages = ["."]
  pruneopts = "UT"
  revision = "ba968bfe8b2f7e042a574c888954fccecfa385b4"
  version = "v0.8.1"

[[projects]]
  digest = "1:585a600255042d1bbf97a5bef9f7c23626d85a6b0d649df94cac4afb99e0bccc"
  name = "gocv.io/x/gocv"
  packages = ["."]
  pruneopts = "UT"
  revision = "a897c364055ad1328c2162830747da556a8a9aa2"
  version = "v0.19.0"

[solve-meta]
  analyzer-name = "dep"
  analyzer-version = 1
  input-imports = [
    "github.com/machinebox/sdk-go/facebox",
    "gocv.io/x/gocv",
  ]
  solver-name = "gps-cdcl"
  solver-version = 1
